
Microsoft Visual Studio Solution File, Format Version 12.00
# Visual Studio Version 17
VisualStudioVersion = 17.0.32428.209
MinimumVisualStudioVersion = 10.0.40219.1
Project("{9A19103F-16F7-4668-BE54-9A1E7A4F7556}") = "Satispay.Client", "Satispay.Client\Satispay.Client.csproj", "{95ECE4EB-887B-4616-A039-9A8075623CB5}"
EndProject
Project("{9A19103F-16F7-4668-BE54-9A1E7A4F7556}") = "Satispay.Test", "Satispay.Test\Satispay.Test.csproj", "{48BA4F96-3369-4D80-808F-F553AED681A0}"
EndProject
Global
	GlobalSection(SolutionConfigurationPlatforms) = preSolution
		Debug|Any CPU = Debug|Any CPU
		Release|Any CPU = Release|Any CPU
	EndGlobalSection
	GlobalSection(ProjectConfigurationPlatforms) = postSolution
		{95ECE4EB-887B-4616-A039-9A8075623CB5}.Debug|Any CPU.ActiveCfg = Debug|Any CPU
		{95ECE4EB-887B-4616-A039-9A8075623CB5}.Debug|Any CPU.Build.0 = Debug|Any CPU
		{95ECE4EB-887B-4616-A039-9A8075623CB5}.Release|Any CPU.ActiveCfg = Release|Any CPU
		{95ECE4EB-887B-4616-A039-9A8075623CB5}.Release|Any CPU.Build.0 = Release|Any CPU
		{48BA4F96-3369-4D80-808F-F553AED681A0}.Debug|Any CPU.ActiveCfg = Debug|Any CPU
		{48BA4F96-3369-4D80-808F-F553AED681A0}.Debug|Any CPU.Build.0 = Debug|Any CPU
		{48BA4F96-3369-4D80-808F-F553AED681A0}.Release|Any CPU.ActiveCfg = Release|Any CPU
		{48BA4F96-3369-4D80-808F-F553AED681A0}.Release|Any CPU.Build.0 = Release|Any CPU
	EndGlobalSection
	GlobalSection(SolutionProperties) = preSolution
		HideSolutionNode = FALSE
	EndGlobalSection
	GlobalSection(ExtensibilityGlobals) = postSolution
		SolutionGuid = {359B9162-7EA9-4A13-9442-A29ABF967244}
	EndGlobalSection
EndGlobal
